
Microsoft Visual Studio Solution File, Format Version 12.00
# Visual Studio 15
Project("{FAE04EC0-301F-11D3-BF4B-00C04F79EFBC}") = "Assembly-CSharp", "Assembly-CSharp.csproj", "{4E3CEE56-8485-7999-3410-4CA4C6E2B72F}"
EndProject
Project("{FAE04EC0-301F-11D3-BF4B-00C04F79EFBC}") = "Assembly-CSharp-Editor", "Assembly-CSharp-Editor.csproj", "{FB55FEF7-D77C-4670-F400-A9697920FD7C}"
EndProject
Global
	GlobalSection(SolutionConfigurationPlatforms) = preSolution
		Debug|Any CPU = Debug|Any CPU
		Release|Any CPU = Release|Any CPU
	EndGlobalSection
	GlobalSection(ProjectConfigurationPlatforms) = postSolution
		{4E3CEE56-8485-7999-3410-4CA4C6E2B72F}.Debug|Any CPU.ActiveCfg = Debug|Any CPU
		{4E3CEE56-8485-7999-3410-4CA4C6E2B72F}.Debug|Any CPU.Build.0 = Debug|Any CPU
		{4E3CEE56-8485-7999-3410-4CA4C6E2B72F}.Release|Any CPU.ActiveCfg = Release|Any CPU
		{4E3CEE56-8485-7999-3410-4CA4C6E2B72F}.Release|Any CPU.Build.0 = Release|Any CPU
		{FB55FEF7-D77C-4670-F400-A9697920FD7C}.Debug|Any CPU.ActiveCfg = Debug|Any CPU
		{FB55FEF7-D77C-4670-F400-A9697920FD7C}.Debug|Any CPU.Build.0 = Debug|Any CPU
		{FB55FEF7-D77C-4670-F400-A9697920FD7C}.Release|Any CPU.ActiveCfg = Release|Any CPU
		{FB55FEF7-D77C-4670-F400-A9697920FD7C}.Release|Any CPU.Build.0 = Release|Any CPU
	EndGlobalSection
	GlobalSection(SolutionProperties) = preSolution
		HideSolutionNode = FALSE
	EndGlobalSection
EndGlobal
